
Microsoft Visual Studio Solution File, Format Version 12.00
Project("{FAE04EC0-301F-11D3-BF4B-00C04F79EFBC}") = "MyRecipesApi", "MyRecipesApi\MyRecipesApi.csproj", "{E90F93F8-3D50-4ED0-A2F5-6CC2AF38B94D}"
EndProject
Project("{FAE04EC0-301F-11D3-BF4B-00C04F79EFBC}") = "MyRecipesApi.Tests", "MyRecipesApi.Tests\MyRecipesApi.Tests.csproj", "{F348F52F-0D96-4C8F-A070-36077FF775F4}"
EndProject
Global
	GlobalSection(SolutionConfigurationPlatforms) = preSolution
		Debug|Any CPU = Debug|Any CPU
		Release|Any CPU = Release|Any CPU
	EndGlobalSection
	GlobalSection(ProjectConfigurationPlatforms) = postSolution
		{E90F93F8-3D50-4ED0-A2F5-6CC2AF38B94D}.Debug|Any CPU.ActiveCfg = Debug|Any CPU
		{E90F93F8-3D50-4ED0-A2F5-6CC2AF38B94D}.Debug|Any CPU.Build.0 = Debug|Any CPU
		{E90F93F8-3D50-4ED0-A2F5-6CC2AF38B94D}.Release|Any CPU.ActiveCfg = Release|Any CPU
		{E90F93F8-3D50-4ED0-A2F5-6CC2AF38B94D}.Release|Any CPU.Build.0 = Release|Any CPU
		{F348F52F-0D96-4C8F-A070-36077FF775F4}.Debug|Any CPU.ActiveCfg = Debug|Any CPU
		{F348F52F-0D96-4C8F-A070-36077FF775F4}.Debug|Any CPU.Build.0 = Debug|Any CPU
		{F348F52F-0D96-4C8F-A070-36077FF775F4}.Release|Any CPU.ActiveCfg = Release|Any CPU
		{F348F52F-0D96-4C8F-A070-36077FF775F4}.Release|Any CPU.Build.0 = Release|Any CPU
	EndGlobalSection
EndGlobal
